// !$*UTF8*$!
{
	archiveVersion = 1;
	classes = {
	};
	objectVersion = 46;
	objects = {

/* Begin PBXBuildFile section */
		16EC86C41363706F00805A60 /* Converter.c in Sources */ = {isa = PBXBuildFile; fileRef = 16EC86B31363706F00805A60 /* Converter.c */; };
		16EC86C61363706F00805A60 /* GetVersNumString.c in Sources */ = {isa = PBXBuildFile; fileRef = 16EC86B71363706F00805A60 /* GetVersNumString.c */; };
		16EC86C71363706F00805A60 /* Holiday.c in Sources */ = {isa = PBXBuildFile; fileRef = 16EC86BA1363706F00805A60 /* Holiday.c */; };
		16EC86C91363706F00805A60 /* Jewish Calendar.rsrc in Resources */ = {isa = PBXBuildFile; fileRef = 16EC86BD1363706F00805A60 /* Jewish Calendar.rsrc */; };
		16EC86CB1363706F00805A60 /* Parsha.c in Sources */ = {isa = PBXBuildFile; fileRef = 16EC86C01363706F00805A60 /* Parsha.c */; };
		16EC86D8136370AB00805A60 /* InfoPlist.strings in Resources */ = {isa = PBXBuildFile; fileRef = 16EC86D6136370AB00805A60 /* InfoPlist.strings */; };
		16EC86DD136371E200805A60 /* app.icns in Resources */ = {isa = PBXBuildFile; fileRef = 16EC86DC136371E200805A60 /* app.icns */; };
		8D0C4E920486CD37000505A6 /* Carbon.framework in Frameworks */ = {isa = PBXBuildFile; fileRef = 20286C33FDCF999611CA2CEA /* Carbon.framework */; };
		D5093FA722E1A3D900A15345 /* MonthGrid.swift in Sources */ = {isa = PBXBuildFile; fileRef = D5093FA622E1A3D900A15345 /* MonthGrid.swift */; };
		D5093FA922E1A3F800A15345 /* MonthSelector.swift in Sources */ = {isa = PBXBuildFile; fileRef = D5093FA822E1A3F800A15345 /* MonthSelector.swift */; };
		D513ED6C22FC9DB900DCB477 /* Dialog.c in Sources */ = {isa = PBXBuildFile; fileRef = 16EC86B51363706F00805A60 /* Dialog.c */; };
		D513ED6D22FC9DC600DCB477 /* Menu.c in Sources */ = {isa = PBXBuildFile; fileRef = 16EC86BE1363706F00805A60 /* Menu.c */; };
		D513ED6F22FCAC4200DCB477 /* UserDefault.swift in Sources */ = {isa = PBXBuildFile; fileRef = D513ED6E22FCAC4200DCB477 /* UserDefault.swift */; };
		D520712022F7599D00503EEC /* DayNumber.swift in Sources */ = {isa = PBXBuildFile; fileRef = D520711F22F7599D00503EEC /* DayNumber.swift */; };
		D520712222F80A0F00503EEC /* Theming.swift in Sources */ = {isa = PBXBuildFile; fileRef = D520712122F80A0F00503EEC /* Theming.swift */; };
		D5627E6322D3135900834EF3 /* AppDelegate.swift in Sources */ = {isa = PBXBuildFile; fileRef = D5627E6222D3135900834EF3 /* AppDelegate.swift */; };
		D5627E6522D3135900834EF3 /* MainCalendarView.swift in Sources */ = {isa = PBXBuildFile; fileRef = D5627E6422D3135900834EF3 /* MainCalendarView.swift */; };
		D5627E6722D3135C00834EF3 /* Assets.xcassets in Resources */ = {isa = PBXBuildFile; fileRef = D5627E6622D3135C00834EF3 /* Assets.xcassets */; };
		D5627E6A22D3135C00834EF3 /* Preview Assets.xcassets in Resources */ = {isa = PBXBuildFile; fileRef = D5627E6922D3135C00834EF3 /* Preview Assets.xcassets */; };
		D5627E6D22D3135C00834EF3 /* Main.storyboard in Resources */ = {isa = PBXBuildFile; fileRef = D5627E6B22D3135C00834EF3 /* Main.storyboard */; };
		D5627E9522D317A200834EF3 /* Prefs.c in Sources */ = {isa = PBXBuildFile; fileRef = 16EC86C21363706F00805A60 /* Prefs.c */; };
		D5627E9622D318E400834EF3 /* Converter.c in Sources */ = {isa = PBXBuildFile; fileRef = 16EC86B31363706F00805A60 /* Converter.c */; };
		D5627E9722D318E400834EF3 /* Holiday.c in Sources */ = {isa = PBXBuildFile; fileRef = 16EC86BA1363706F00805A60 /* Holiday.c */; };
		D5627E9822D318E400834EF3 /* Parsha.c in Sources */ = {isa = PBXBuildFile; fileRef = 16EC86C01363706F00805A60 /* Parsha.c */; };
		D579922222FF6744008A416D /* CalendarWindowController.swift in Sources */ = {isa = PBXBuildFile; fileRef = D579922122FF6744008A416D /* CalendarWindowController.swift */; };
		D5B3824F22F4FB130042665E /* GridDateGenerator.swift in Sources */ = {isa = PBXBuildFile; fileRef = D5B3824E22F4FB130042665E /* GridDateGenerator.swift */; };
		D5BA1F7522FB450800FB0A9B /* Arrow.swift in Sources */ = {isa = PBXBuildFile; fileRef = D5BA1F7422FB450800FB0A9B /* Arrow.swift */; };
		D5BEA54122E33C26008067A4 /* Hcal.swift in Sources */ = {isa = PBXBuildFile; fileRef = D5BEA54022E33C26008067A4 /* Hcal.swift */; };
		D5C8B88A22D8EE8B0099BCFE /* DayView.swift in Sources */ = {isa = PBXBuildFile; fileRef = D5C8B88922D8EE8B0099BCFE /* DayView.swift */; };
/* End PBXBuildFile section */

/* Begin PBXFileReference section */
		16EC86B31363706F00805A60 /* Converter.c */ = {isa = PBXFileReference; fileEncoding = 4; lastKnownFileType = sourcecode.c.c; name = Converter.c; path = Source/Converter.c; sourceTree = "<group>"; };
		16EC86B41363706F00805A60 /* Converter.h */ = {isa = PBXFileReference; fileEncoding = 4; lastKnownFileType = sourcecode.c.h; name = Converter.h; path = Source/Converter.h; sourceTree = "<group>"; };
		16EC86B51363706F00805A60 /* Dialog.c */ = {isa = PBXFileReference; fileEncoding = 4; lastKnownFileType = sourcecode.c.c; name = Dialog.c; path = Source/Dialog.c; sourceTree = "<group>"; };
		16EC86B61363706F00805A60 /* Dialog.h */ = {isa = PBXFileReference; fileEncoding = 4; lastKnownFileType = sourcecode.c.h; name = Dialog.h; path = Source/Dialog.h; sourceTree = "<group>"; };
		16EC86B71363706F00805A60 /* GetVersNumString.c */ = {isa = PBXFileReference; fileEncoding = 4; lastKnownFileType = sourcecode.c.c; name = GetVersNumString.c; path = Source/GetVersNumString.c; sourceTree = "<group>"; };
		16EC86B81363706F00805A60 /* GetVersNumString.h */ = {isa = PBXFileReference; fileEncoding = 4; lastKnownFileType = sourcecode.c.h; name = GetVersNumString.h; path = Source/GetVersNumString.h; sourceTree = "<group>"; };
		16EC86B91363706F00805A60 /* Globals.h */ = {isa = PBXFileReference; fileEncoding = 4; lastKnownFileType = sourcecode.c.h; name = Globals.h; path = Source/Globals.h; sourceTree = "<group>"; };
		16EC86BA1363706F00805A60 /* Holiday.c */ = {isa = PBXFileReference; fileEncoding = 4; lastKnownFileType = sourcecode.c.c; name = Holiday.c; path = Source/Holiday.c; sourceTree = "<group>"; };
		16EC86BB1363706F00805A60 /* Holiday.h */ = {isa = PBXFileReference; fileEncoding = 4; lastKnownFileType = sourcecode.c.h; name = Holiday.h; path = Source/Holiday.h; sourceTree = "<group>"; };
		16EC86BC1363706F00805A60 /* JCal.c */ = {isa = PBXFileReference; fileEncoding = 4; lastKnownFileType = sourcecode.c.c; name = JCal.c; path = Source/JCal.c; sourceTree = "<group>"; };
		16EC86BD1363706F00805A60 /* Jewish Calendar.rsrc */ = {isa = PBXFileReference; lastKnownFileType = archive.rsrc; name = "Jewish Calendar.rsrc"; path = "Source/Jewish Calendar.rsrc"; sourceTree = "<group>"; };
		16EC86BE1363706F00805A60 /* Menu.c */ = {isa = PBXFileReference; fileEncoding = 4; lastKnownFileType = sourcecode.c.c; name = Menu.c; path = Source/Menu.c; sourceTree = "<group>"; };
		16EC86BF1363706F00805A60 /* Menu.h */ = {isa = PBXFileReference; fileEncoding = 4; lastKnownFileType = sourcecode.c.h; name = Menu.h; path = Source/Menu.h; sourceTree = "<group>"; };
		16EC86C01363706F00805A60 /* Parsha.c */ = {isa = PBXFileReference; fileEncoding = 4; lastKnownFileType = sourcecode.c.c; name = Parsha.c; path = Source/Parsha.c; sourceTree = "<group>"; };
		16EC86C11363706F00805A60 /* Parsha.h */ = {isa = PBXFileReference; fileEncoding = 4; lastKnownFileType = sourcecode.c.h; name = Parsha.h; path = Source/Parsha.h; sourceTree = "<group>"; };
		16EC86C21363706F00805A60 /* Prefs.c */ = {isa = PBXFileReference; fileEncoding = 4; lastKnownFileType = sourcecode.c.c; name = Prefs.c; path = Source/Prefs.c; sourceTree = "<group>"; };
		16EC86C31363706F00805A60 /* Prefs.h */ = {isa = PBXFileReference; fileEncoding = 4; lastKnownFileType = sourcecode.c.h; name = Prefs.h; path = Source/Prefs.h; sourceTree = "<group>"; };
		16EC86DC136371E200805A60 /* app.icns */ = {isa = PBXFileReference; lastKnownFileType = image.icns; name = app.icns; path = Source/app.icns; sourceTree = "<group>"; };
		16EC86E31363732E00805A60 /* hcal_Prefix.pch */ = {isa = PBXFileReference; fileEncoding = 4; lastKnownFileType = sourcecode.c.h; path = hcal_Prefix.pch; sourceTree = "<group>"; };
		20286C33FDCF999611CA2CEA /* Carbon.framework */ = {isa = PBXFileReference; lastKnownFileType = wrapper.framework; name = Carbon.framework; path = /System/Library/Frameworks/Carbon.framework; sourceTree = "<absolute>"; };
		8D0C4E960486CD37000505A6 /* Info.plist */ = {isa = PBXFileReference; fileEncoding = 4; lastKnownFileType = text.plist.xml; path = Info.plist; sourceTree = "<group>"; };
		8D0C4E970486CD37000505A6 /* Jewish Calendar.app */ = {isa = PBXFileReference; explicitFileType = wrapper.application; includeInIndex = 0; path = "Jewish Calendar.app"; sourceTree = BUILT_PRODUCTS_DIR; };
		D5093FA622E1A3D900A15345 /* MonthGrid.swift */ = {isa = PBXFileReference; lastKnownFileType = sourcecode.swift; name = MonthGrid.swift; path = ../../../../../System/Volumes/Data/Users/gerard/Developer/hcal/HCal/MonthGrid.swift; sourceTree = "<group>"; };
		D5093FA822E1A3F800A15345 /* MonthSelector.swift */ = {isa = PBXFileReference; lastKnownFileType = sourcecode.swift; name = MonthSelector.swift; path = ../../../../../System/Volumes/Data/Users/gerard/Developer/hcal/HCal/MonthSelector.swift; sourceTree = "<group>"; };
		D513ED6E22FCAC4200DCB477 /* UserDefault.swift */ = {isa = PBXFileReference; lastKnownFileType = sourcecode.swift; path = UserDefault.swift; sourceTree = "<group>"; };
		D520711F22F7599D00503EEC /* DayNumber.swift */ = {isa = PBXFileReference; lastKnownFileType = sourcecode.swift; path = DayNumber.swift; sourceTree = "<group>"; };
		D520712122F80A0F00503EEC /* Theming.swift */ = {isa = PBXFileReference; lastKnownFileType = sourcecode.swift; path = Theming.swift; sourceTree = "<group>"; };
		D55204E722DC508100755C67 /* Experiments.playground */ = {isa = PBXFileReference; lastKnownFileType = file.playground; name = Experiments.playground; path = HCal/Experiments.playground; sourceTree = "<group>"; xcLanguageSpecificationIdentifier = xcode.lang.swift; };
		D5627E6022D3135900834EF3 /* HCal.app */ = {isa = PBXFileReference; explicitFileType = wrapper.application; includeInIndex = 0; path = HCal.app; sourceTree = BUILT_PRODUCTS_DIR; };
		D5627E6222D3135900834EF3 /* AppDelegate.swift */ = {isa = PBXFileReference; lastKnownFileType = sourcecode.swift; path = AppDelegate.swift; sourceTree = "<group>"; };
		D5627E6422D3135900834EF3 /* MainCalendarView.swift */ = {isa = PBXFileReference; lastKnownFileType = sourcecode.swift; path = MainCalendarView.swift; sourceTree = "<group>"; };
		D5627E6622D3135C00834EF3 /* Assets.xcassets */ = {isa = PBXFileReference; lastKnownFileType = folder.assetcatalog; path = Assets.xcassets; sourceTree = "<group>"; };
		D5627E6922D3135C00834EF3 /* Preview Assets.xcassets */ = {isa = PBXFileReference; lastKnownFileType = folder.assetcatalog; path = "Preview Assets.xcassets"; sourceTree = "<group>"; };
		D5627E6C22D3135C00834EF3 /* Base */ = {isa = PBXFileReference; lastKnownFileType = file.storyboard; name = Base; path = Base.lproj/Main.storyboard; sourceTree = "<group>"; };
		D5627E6E22D3135C00834EF3 /* Info.plist */ = {isa = PBXFileReference; lastKnownFileType = text.plist.xml; path = Info.plist; sourceTree = "<group>"; };
		D5627E6F22D3135C00834EF3 /* HCal.entitlements */ = {isa = PBXFileReference; lastKnownFileType = text.plist.entitlements; path = HCal.entitlements; sourceTree = "<group>"; };
		D5627E7822D3135C00834EF3 /* HCalTests.swift */ = {isa = PBXFileReference; lastKnownFileType = sourcecode.swift; path = HCalTests.swift; sourceTree = "<group>"; };
		D5627E7A22D3135C00834EF3 /* Info.plist */ = {isa = PBXFileReference; lastKnownFileType = text.plist.xml; path = Info.plist; sourceTree = "<group>"; };
		D5627E8322D3135C00834EF3 /* HCalUITests.swift */ = {isa = PBXFileReference; lastKnownFileType = sourcecode.swift; path = HCalUITests.swift; sourceTree = "<group>"; };
		D5627E8522D3135C00834EF3 /* Info.plist */ = {isa = PBXFileReference; lastKnownFileType = text.plist.xml; path = Info.plist; sourceTree = "<group>"; };
		D5627E9922D31AD600834EF3 /* en */ = {isa = PBXFileReference; lastKnownFileType = text.plist.strings; name = en; path = Source/en.lproj/InfoPlist.strings; sourceTree = "<group>"; };
		D579922122FF6744008A416D /* CalendarWindowController.swift */ = {isa = PBXFileReference; lastKnownFileType = sourcecode.swift; path = CalendarWindowController.swift; sourceTree = "<group>"; };
		D5B3824E22F4FB130042665E /* GridDateGenerator.swift */ = {isa = PBXFileReference; lastKnownFileType = sourcecode.swift; path = GridDateGenerator.swift; sourceTree = "<group>"; };
		D5BA1F7422FB450800FB0A9B /* Arrow.swift */ = {isa = PBXFileReference; lastKnownFileType = sourcecode.swift; path = Arrow.swift; sourceTree = "<group>"; };
		D5BEA54022E33C26008067A4 /* Hcal.swift */ = {isa = PBXFileReference; lastKnownFileType = sourcecode.swift; name = Hcal.swift; path = ../../../../../System/Volumes/Data/Users/gerard/Developer/hcal/HCal/Hcal.swift; sourceTree = "<group>"; };
		D5C8B88922D8EE8B0099BCFE /* DayView.swift */ = {isa = PBXFileReference; lastKnownFileType = sourcecode.swift; path = DayView.swift; sourceTree = "<group>"; };
		D5C8B88B22D942820099BCFE /* Bridge-Header.h */ = {isa = PBXFileReference; lastKnownFileType = sourcecode.c.h; name = "Bridge-Header.h"; path = "../../../../System/Volumes/Data/Users/gerard/Developer/hcal/Bridge-Header.h"; sourceTree = SOURCE_ROOT; };
/* End PBXFileReference section */

/* Begin PBXFrameworksBuildPhase section */
		8D0C4E910486CD37000505A6 /* Frameworks */ = {
			isa = PBXFrameworksBuildPhase;
			buildActionMask = 2147483647;
			files = (
				8D0C4E920486CD37000505A6 /* Carbon.framework in Frameworks */,
			);
			runOnlyForDeploymentPostprocessing = 0;
		};
		D5627E5D22D3135900834EF3 /* Frameworks */ = {
			isa = PBXFrameworksBuildPhase;
			buildActionMask = 2147483647;
			files = (
			);
			runOnlyForDeploymentPostprocessing = 0;
		};
/* End PBXFrameworksBuildPhase section */

/* Begin PBXGroup section */
		195DF8CFFE9D517E11CA2CBB /* Products */ = {
			isa = PBXGroup;
			children = (
				8D0C4E970486CD37000505A6 /* Jewish Calendar.app */,
				D5627E6022D3135900834EF3 /* HCal.app */,
			);
			name = Products;
			sourceTree = "<group>";
		};
		20286C29FDCF999611CA2CEA /* hcal */ = {
			isa = PBXGroup;
			children = (
				D55204E722DC508100755C67 /* Experiments.playground */,
				16EC86E31363732E00805A60 /* hcal_Prefix.pch */,
				20286C2AFDCF999611CA2CEA /* Sources */,
				20286C2CFDCF999611CA2CEA /* Resources */,
				20286C32FDCF999611CA2CEA /* External Frameworks and Libraries */,
				D5627E6122D3135900834EF3 /* HCal */,
				D5627E7722D3135C00834EF3 /* HCalTests */,
				D5627E8222D3135C00834EF3 /* HCalUITests */,
				195DF8CFFE9D517E11CA2CBB /* Products */,
			);
			name = hcal;
			sourceTree = "<group>";
		};
		20286C2AFDCF999611CA2CEA /* Sources */ = {
			isa = PBXGroup;
			children = (
				D5627E9422D3151700834EF3 /* CalendarEngine */,
				16EC86B51363706F00805A60 /* Dialog.c */,
				16EC86B61363706F00805A60 /* Dialog.h */,
				16EC86B71363706F00805A60 /* GetVersNumString.c */,
				16EC86B81363706F00805A60 /* GetVersNumString.h */,
				16EC86B91363706F00805A60 /* Globals.h */,
				16EC86BC1363706F00805A60 /* JCal.c */,
				16EC86BE1363706F00805A60 /* Menu.c */,
				16EC86BF1363706F00805A60 /* Menu.h */,
				16EC86C21363706F00805A60 /* Prefs.c */,
				16EC86C31363706F00805A60 /* Prefs.h */,
			);
			name = Sources;
			sourceTree = "<group>";
		};
		20286C2CFDCF999611CA2CEA /* Resources */ = {
			isa = PBXGroup;
			children = (
				16EC86BD1363706F00805A60 /* Jewish Calendar.rsrc */,
				16EC86DC136371E200805A60 /* app.icns */,
				8D0C4E960486CD37000505A6 /* Info.plist */,
				16EC86D6136370AB00805A60 /* InfoPlist.strings */,
			);
			name = Resources;
			sourceTree = "<group>";
		};
		20286C32FDCF999611CA2CEA /* External Frameworks and Libraries */ = {
			isa = PBXGroup;
			children = (
				20286C33FDCF999611CA2CEA /* Carbon.framework */,
			);
			name = "External Frameworks and Libraries";
			sourceTree = "<group>";
		};
		D5627E6122D3135900834EF3 /* HCal */ = {
			isa = PBXGroup;
			children = (
				D513ED6E22FCAC4200DCB477 /* UserDefault.swift */,
				D5BA1F7322FB44E400FB0A9B /* widget */,
				D520712122F80A0F00503EEC /* Theming.swift */,
				D5B3824E22F4FB130042665E /* GridDateGenerator.swift */,
				D5BEA54022E33C26008067A4 /* Hcal.swift */,
				D5627E6222D3135900834EF3 /* AppDelegate.swift */,
				D579922122FF6744008A416D /* CalendarWindowController.swift */,
				D5627E6422D3135900834EF3 /* MainCalendarView.swift */,
				D5093FA822E1A3F800A15345 /* MonthSelector.swift */,
				D5093FA622E1A3D900A15345 /* MonthGrid.swift */,
				D5C8B88922D8EE8B0099BCFE /* DayView.swift */,
				D520711F22F7599D00503EEC /* DayNumber.swift */,
				D5627E6622D3135C00834EF3 /* Assets.xcassets */,
				D5627E6B22D3135C00834EF3 /* Main.storyboard */,
				D5627E6E22D3135C00834EF3 /* Info.plist */,
				D5627E6F22D3135C00834EF3 /* HCal.entitlements */,
				D5627E6822D3135C00834EF3 /* Preview Content */,
				D5C8B88B22D942820099BCFE /* Bridge-Header.h */,
			);
			path = HCal;
			sourceTree = "<group>";
		};
		D5627E6822D3135C00834EF3 /* Preview Content */ = {
			isa = PBXGroup;
			children = (
				D5627E6922D3135C00834EF3 /* Preview Assets.xcassets */,
			);
			path = "Preview Content";
			sourceTree = "<group>";
		};
		D5627E7722D3135C00834EF3 /* HCalTests */ = {
			isa = PBXGroup;
			children = (
				D5627E7822D3135C00834EF3 /* HCalTests.swift */,
				D5627E7A22D3135C00834EF3 /* Info.plist */,
			);
			path = HCalTests;
			sourceTree = "<group>";
		};
		D5627E8222D3135C00834EF3 /* HCalUITests */ = {
			isa = PBXGroup;
			children = (
				D5627E8322D3135C00834EF3 /* HCalUITests.swift */,
				D5627E8522D3135C00834EF3 /* Info.plist */,
			);
			path = HCalUITests;
			sourceTree = "<group>";
		};
		D5627E9422D3151700834EF3 /* CalendarEngine */ = {
			isa = PBXGroup;
			children = (
				16EC86B31363706F00805A60 /* Converter.c */,
				16EC86B41363706F00805A60 /* Converter.h */,
				16EC86BA1363706F00805A60 /* Holiday.c */,
				16EC86BB1363706F00805A60 /* Holiday.h */,
				16EC86C01363706F00805A60 /* Parsha.c */,
				16EC86C11363706F00805A60 /* Parsha.h */,
			);
			name = CalendarEngine;
			sourceTree = "<group>";
		};
		D5BA1F7322FB44E400FB0A9B /* widget */ = {
			isa = PBXGroup;
			children = (
				D5BA1F7422FB450800FB0A9B /* Arrow.swift */,
			);
			path = widget;
			sourceTree = "<group>";
		};
/* End PBXGroup section */

/* Begin PBXNativeTarget section */
		8D0C4E890486CD37000505A6 /* hcal */ = {
			isa = PBXNativeTarget;
			buildConfigurationList = C0E91AC508A95435008D54AB /* Build configuration list for PBXNativeTarget "hcal" */;
			buildPhases = (
				8D0C4E8C0486CD37000505A6 /* Resources */,
				8D0C4E8F0486CD37000505A6 /* Sources */,
				8D0C4E910486CD37000505A6 /* Frameworks */,
			);
			buildRules = (
			);
			dependencies = (
			);
			name = hcal;
			productInstallPath = "$(HOME)/Applications";
			productName = hcal;
			productReference = 8D0C4E970486CD37000505A6 /* Jewish Calendar.app */;
			productType = "com.apple.product-type.application";
		};
		D5627E5F22D3135900834EF3 /* HCal */ = {
			isa = PBXNativeTarget;
			buildConfigurationList = D5627E8622D3135C00834EF3 /* Build configuration list for PBXNativeTarget "HCal" */;
			buildPhases = (
				D5627E5C22D3135900834EF3 /* Sources */,
				D5627E5D22D3135900834EF3 /* Frameworks */,
				D5627E5E22D3135900834EF3 /* Resources */,
			);
			buildRules = (
			);
			dependencies = (
			);
			name = HCal;
			productName = HCal;
			productReference = D5627E6022D3135900834EF3 /* HCal.app */;
			productType = "com.apple.product-type.application";
		};
/* End PBXNativeTarget section */

/* Begin PBXProject section */
		20286C28FDCF999611CA2CEA /* Project object */ = {
			isa = PBXProject;
			attributes = {
				LastSwiftUpdateCheck = 1100;
				LastUpgradeCheck = 1100;
				TargetAttributes = {
					8D0C4E890486CD37000505A6 = {
						DevelopmentTeam = JLW43DLDF7;
						ProvisioningStyle = Automatic;
					};
					D5627E5F22D3135900834EF3 = {
						CreatedOnToolsVersion = 11.0;
						DevelopmentTeam = JLW43DLDF7;
						ProvisioningStyle = Automatic;
					};
				};
			};
			buildConfigurationList = C0E91AC908A95435008D54AB /* Build configuration list for PBXProject "hcal" */;
			compatibilityVersion = "Xcode 3.2";
			developmentRegion = en;
			hasScannedForEncodings = 1;
			knownRegions = (
				Base,
				ja,
				fr,
				de,
				en,
			);
			mainGroup = 20286C29FDCF999611CA2CEA /* hcal */;
			projectDirPath = "";
			projectRoot = "";
			targets = (
				8D0C4E890486CD37000505A6 /* hcal */,
				D5627E5F22D3135900834EF3 /* HCal */,
			);
		};
/* End PBXProject section */

/* Begin PBXResourcesBuildPhase section */
		8D0C4E8C0486CD37000505A6 /* Resources */ = {
			isa = PBXResourcesBuildPhase;
			buildActionMask = 2147483647;
			files = (
				16EC86C91363706F00805A60 /* Jewish Calendar.rsrc in Resources */,
				16EC86D8136370AB00805A60 /* InfoPlist.strings in Resources */,
				16EC86DD136371E200805A60 /* app.icns in Resources */,
			);
			runOnlyForDeploymentPostprocessing = 0;
		};
		D5627E5E22D3135900834EF3 /* Resources */ = {
			isa = PBXResourcesBuildPhase;
			buildActionMask = 2147483647;
			files = (
				D5627E6D22D3135C00834EF3 /* Main.storyboard in Resources */,
				D5627E6A22D3135C00834EF3 /* Preview Assets.xcassets in Resources */,
				D5627E6722D3135C00834EF3 /* Assets.xcassets in Resources */,
			);
			runOnlyForDeploymentPostprocessing = 0;
		};
/* End PBXResourcesBuildPhase section */

/* Begin PBXSourcesBuildPhase section */
		8D0C4E8F0486CD37000505A6 /* Sources */ = {
			isa = PBXSourcesBuildPhase;
			buildActionMask = 2147483647;
			files = (
				16EC86C41363706F00805A60 /* Converter.c in Sources */,
				16EC86C61363706F00805A60 /* GetVersNumString.c in Sources */,
				D513ED6D22FC9DC600DCB477 /* Menu.c in Sources */,
				16EC86C71363706F00805A60 /* Holiday.c in Sources */,
				16EC86CB1363706F00805A60 /* Parsha.c in Sources */,
				D5627E9522D317A200834EF3 /* Prefs.c in Sources */,
				D513ED6C22FC9DB900DCB477 /* Dialog.c in Sources */,
			);
			runOnlyForDeploymentPostprocessing = 0;
		};
		D5627E5C22D3135900834EF3 /* Sources */ = {
			isa = PBXSourcesBuildPhase;
			buildActionMask = 2147483647;
			files = (
				D520712022F7599D00503EEC /* DayNumber.swift in Sources */,
				D520712222F80A0F00503EEC /* Theming.swift in Sources */,
				D5627E9722D318E400834EF3 /* Holiday.c in Sources */,
				D5C8B88A22D8EE8B0099BCFE /* DayView.swift in Sources */,
				D5627E9822D318E400834EF3 /* Parsha.c in Sources */,
				D5627E9622D318E400834EF3 /* Converter.c in Sources */,
				D5BA1F7522FB450800FB0A9B /* Arrow.swift in Sources */,
				D5627E6522D3135900834EF3 /* MainCalendarView.swift in Sources */,
				D513ED6F22FCAC4200DCB477 /* UserDefault.swift in Sources */,
				D5B3824F22F4FB130042665E /* GridDateGenerator.swift in Sources */,
				D5093FA922E1A3F800A15345 /* MonthSelector.swift in Sources */,
				D579922222FF6744008A416D /* CalendarWindowController.swift in Sources */,
				D5BEA54122E33C26008067A4 /* Hcal.swift in Sources */,
				D5093FA722E1A3D900A15345 /* MonthGrid.swift in Sources */,
				D5627E6322D3135900834EF3 /* AppDelegate.swift in Sources */,
			);
			runOnlyForDeploymentPostprocessing = 0;
		};
/* End PBXSourcesBuildPhase section */

/* Begin PBXVariantGroup section */
		16EC86D6136370AB00805A60 /* InfoPlist.strings */ = {
			isa = PBXVariantGroup;
			children = (
				D5627E9922D31AD600834EF3 /* en */,
			);
			name = InfoPlist.strings;
			sourceTree = "<group>";
		};
		D5627E6B22D3135C00834EF3 /* Main.storyboard */ = {
			isa = PBXVariantGroup;
			children = (
				D5627E6C22D3135C00834EF3 /* Base */,
			);
			name = Main.storyboard;
			sourceTree = "<group>";
		};
/* End PBXVariantGroup section */

/* Begin XCBuildConfiguration section */
		C0E91AC608A95435008D54AB /* Debug */ = {
			isa = XCBuildConfiguration;
			buildSettings = {
				ALWAYS_SEARCH_USER_PATHS = NO;
				CLANG_ENABLE_OBJC_WEAK = YES;
				CODE_SIGN_IDENTITY = "Apple Development";
				CODE_SIGN_STYLE = Automatic;
				COPY_PHASE_STRIP = NO;
				DEVELOPMENT_TEAM = JLW43DLDF7;
				GCC_DYNAMIC_NO_PIC = NO;
				GCC_MODEL_TUNING = G5;
				GCC_OPTIMIZATION_LEVEL = 0;
				GCC_PRECOMPILE_PREFIX_HEADER = YES;
				GCC_PREFIX_HEADER = hcal_Prefix.pch;
				INFOPLIST_FILE = Info.plist;
				INSTALL_PATH = "$(HOME)/Applications";
				PRODUCT_BUNDLE_IDENTIFIER = com.jewcal.app;
				PRODUCT_NAME = "Jewish Calendar";
				PROVISIONING_PROFILE_SPECIFIER = "";
			};
			name = Debug;
		};
		C0E91AC708A95435008D54AB /* Release */ = {
			isa = XCBuildConfiguration;
			buildSettings = {
				ALWAYS_SEARCH_USER_PATHS = NO;
				CLANG_ENABLE_OBJC_WEAK = YES;
				CODE_SIGN_IDENTITY = "Apple Development";
				CODE_SIGN_STYLE = Automatic;
				DEBUG_INFORMATION_FORMAT = "dwarf-with-dsym";
				DEVELOPMENT_TEAM = JLW43DLDF7;
				GCC_MODEL_TUNING = G5;
				GCC_PRECOMPILE_PREFIX_HEADER = YES;
				GCC_PREFIX_HEADER = hcal_Prefix.pch;
				INFOPLIST_FILE = Info.plist;
				INSTALL_PATH = "$(HOME)/Applications";
				PRODUCT_BUNDLE_IDENTIFIER = com.jewcal.app;
				PRODUCT_NAME = "Jewish Calendar";
				PROVISIONING_PROFILE_SPECIFIER = "";
			};
			name = Release;
		};
		C0E91ACA08A95435008D54AB /* Debug */ = {
			isa = XCBuildConfiguration;
			buildSettings = {
				ARCHS = "$(ARCHS_STANDARD)";
				CLANG_ANALYZER_LOCALIZABILITY_NONLOCALIZED = YES;
				CLANG_WARN_BLOCK_CAPTURE_AUTORELEASING = YES;
				CLANG_WARN_BOOL_CONVERSION = YES;
				CLANG_WARN_COMMA = YES;
				CLANG_WARN_CONSTANT_CONVERSION = YES;
				CLANG_WARN_DEPRECATED_OBJC_IMPLEMENTATIONS = YES;
				CLANG_WARN_EMPTY_BODY = YES;
				CLANG_WARN_ENUM_CONVERSION = YES;
				CLANG_WARN_INFINITE_RECURSION = YES;
				CLANG_WARN_INT_CONVERSION = YES;
				CLANG_WARN_NON_LITERAL_NULL_CONVERSION = YES;
				CLANG_WARN_OBJC_IMPLICIT_RETAIN_SELF = YES;
				CLANG_WARN_OBJC_LITERAL_CONVERSION = YES;
				CLANG_WARN_RANGE_LOOP_ANALYSIS = YES;
				CLANG_WARN_STRICT_PROTOTYPES = YES;
				CLANG_WARN_SUSPICIOUS_MOVE = YES;
				CLANG_WARN_UNREACHABLE_CODE = YES;
				CLANG_WARN__DUPLICATE_METHOD_MATCH = YES;
				ENABLE_STRICT_OBJC_MSGSEND = YES;
				ENABLE_TESTABILITY = YES;
				GCC_C_LANGUAGE_STANDARD = c99;
				GCC_NO_COMMON_BLOCKS = YES;
				GCC_OPTIMIZATION_LEVEL = 0;
				GCC_WARN_64_TO_32_BIT_CONVERSION = YES;
				GCC_WARN_ABOUT_DEPRECATED_FUNCTIONS = NO;
				GCC_WARN_ABOUT_MISSING_NEWLINE = YES;
				GCC_WARN_ABOUT_RETURN_TYPE = YES;
				GCC_WARN_CHECK_SWITCH_STATEMENTS = YES;
				GCC_WARN_SIGN_COMPARE = YES;
				GCC_WARN_UNDECLARED_SELECTOR = YES;
				GCC_WARN_UNINITIALIZED_AUTOS = YES;
				GCC_WARN_UNUSED_FUNCTION = YES;
				GCC_WARN_UNUSED_LABEL = YES;
				GCC_WARN_UNUSED_VARIABLE = YES;
				ONLY_ACTIVE_ARCH = YES;
				SDKROOT = macosx;
				VALID_ARCHS = "i386 x86_64";
			};
			name = Debug;
		};
		C0E91ACB08A95435008D54AB /* Release */ = {
			isa = XCBuildConfiguration;
			buildSettings = {
				ARCHS = "$(ARCHS_STANDARD)";
				CLANG_ANALYZER_LOCALIZABILITY_NONLOCALIZED = YES;
				CLANG_WARN_BLOCK_CAPTURE_AUTORELEASING = YES;
				CLANG_WARN_BOOL_CONVERSION = YES;
				CLANG_WARN_COMMA = YES;
				CLANG_WARN_CONSTANT_CONVERSION = YES;
				CLANG_WARN_DEPRECATED_OBJC_IMPLEMENTATIONS = YES;
				CLANG_WARN_EMPTY_BODY = YES;
				CLANG_WARN_ENUM_CONVERSION = YES;
				CLANG_WARN_INFINITE_RECURSION = YES;
				CLANG_WARN_INT_CONVERSION = YES;
				CLANG_WARN_NON_LITERAL_NULL_CONVERSION = YES;
				CLANG_WARN_OBJC_IMPLICIT_RETAIN_SELF = YES;
				CLANG_WARN_OBJC_LITERAL_CONVERSION = YES;
				CLANG_WARN_RANGE_LOOP_ANALYSIS = YES;
				CLANG_WARN_STRICT_PROTOTYPES = YES;
				CLANG_WARN_SUSPICIOUS_MOVE = YES;
				CLANG_WARN_UNREACHABLE_CODE = YES;
				CLANG_WARN__DUPLICATE_METHOD_MATCH = YES;
				CODE_SIGN_IDENTITY = "3rd Party Mac Developer Application";
				ENABLE_STRICT_OBJC_MSGSEND = YES;
				GCC_C_LANGUAGE_STANDARD = c99;
				GCC_NO_COMMON_BLOCKS = YES;
				GCC_WARN_64_TO_32_BIT_CONVERSION = YES;
				GCC_WARN_ABOUT_DEPRECATED_FUNCTIONS = NO;
				GCC_WARN_ABOUT_MISSING_NEWLINE = YES;
				GCC_WARN_ABOUT_RETURN_TYPE = YES;
				GCC_WARN_CHECK_SWITCH_STATEMENTS = YES;
				GCC_WARN_SIGN_COMPARE = YES;
				GCC_WARN_UNDECLARED_SELECTOR = YES;
				GCC_WARN_UNINITIALIZED_AUTOS = YES;
				GCC_WARN_UNUSED_FUNCTION = YES;
				GCC_WARN_UNUSED_LABEL = YES;
				GCC_WARN_UNUSED_VARIABLE = YES;
				ONLY_ACTIVE_ARCH = NO;
				PROVISIONING_PROFILE = "";
				SDKROOT = macosx;
				SWIFT_COMPILATION_MODE = wholemodule;
				VALID_ARCHS = "i386 x86_64";
			};
			name = Release;
		};
		D5627E8722D3135C00834EF3 /* Debug */ = {
			isa = XCBuildConfiguration;
			buildSettings = {
				ALWAYS_SEARCH_USER_PATHS = NO;
				ARCHS = "$(ARCHS_STANDARD)";
				ASSETCATALOG_COMPILER_APPICON_NAME = AppIcon;
				CLANG_ANALYZER_NONNULL = YES;
				CLANG_ANALYZER_NUMBER_OBJECT_CONVERSION = YES_AGGRESSIVE;
				CLANG_CXX_LANGUAGE_STANDARD = "gnu++14";
				CLANG_CXX_LIBRARY = "libc++";
				CLANG_ENABLE_MODULES = YES;
				CLANG_ENABLE_OBJC_ARC = YES;
				CLANG_ENABLE_OBJC_WEAK = YES;
				CLANG_WARN_BLOCK_CAPTURE_AUTORELEASING = YES;
				CLANG_WARN_BOOL_CONVERSION = YES;
				CLANG_WARN_COMMA = YES;
				CLANG_WARN_CONSTANT_CONVERSION = YES;
				CLANG_WARN_DEPRECATED_OBJC_IMPLEMENTATIONS = YES;
				CLANG_WARN_DIRECT_OBJC_ISA_USAGE = YES_ERROR;
				CLANG_WARN_DOCUMENTATION_COMMENTS = YES;
				CLANG_WARN_EMPTY_BODY = YES;
				CLANG_WARN_ENUM_CONVERSION = YES;
				CLANG_WARN_INFINITE_RECURSION = YES;
				CLANG_WARN_INT_CONVERSION = YES;
				CLANG_WARN_NON_LITERAL_NULL_CONVERSION = YES;
				CLANG_WARN_OBJC_IMPLICIT_RETAIN_SELF = YES;
				CLANG_WARN_OBJC_LITERAL_CONVERSION = YES;
				CLANG_WARN_OBJC_ROOT_CLASS = YES_ERROR;
				CLANG_WARN_RANGE_LOOP_ANALYSIS = YES;
				CLANG_WARN_STRICT_PROTOTYPES = YES;
				CLANG_WARN_SUSPICIOUS_MOVE = YES;
				CLANG_WARN_UNGUARDED_AVAILABILITY = YES_AGGRESSIVE;
				CLANG_WARN_UNREACHABLE_CODE = YES;
				CLANG_WARN__DUPLICATE_METHOD_MATCH = YES;
				CODE_SIGN_ENTITLEMENTS = HCal/HCal.entitlements;
				CODE_SIGN_IDENTITY = "Apple Development";
				CODE_SIGN_STYLE = Automatic;
				COMBINE_HIDPI_IMAGES = YES;
				COPY_PHASE_STRIP = NO;
				DEBUG_INFORMATION_FORMAT = dwarf;
				DEVELOPMENT_ASSET_PATHS = "HCal/Preview\\ Content";
				DEVELOPMENT_TEAM = JLW43DLDF7;
				ENABLE_HARDENED_RUNTIME = YES;
				ENABLE_PREVIEWS = YES;
				ENABLE_STRICT_OBJC_MSGSEND = YES;
				ENABLE_TESTABILITY = YES;
				GCC_C_LANGUAGE_STANDARD = gnu11;
				GCC_DYNAMIC_NO_PIC = NO;
				GCC_NO_COMMON_BLOCKS = YES;
				GCC_PREPROCESSOR_DEFINITIONS = (
					"DEBUG=1",
					"$(inherited)",
				);
				GCC_WARN_ABOUT_RETURN_TYPE = YES_ERROR;
				GCC_WARN_UNDECLARED_SELECTOR = YES;
				GCC_WARN_UNINITIALIZED_AUTOS = YES_AGGRESSIVE;
				GCC_WARN_UNUSED_VARIABLE = YES;
				INFOPLIST_FILE = HCal/Info.plist;
				LD_RUNPATH_SEARCH_PATHS = "$(inherited) @executable_path/../Frameworks";
				MACOSX_DEPLOYMENT_TARGET = 10.15;
				MTL_ENABLE_DEBUG_INFO = INCLUDE_SOURCE;
				MTL_FAST_MATH = YES;
				PRODUCT_BUNDLE_IDENTIFIER = com.jewcal.app.HCal;
				PRODUCT_NAME = "$(TARGET_NAME)";
				PROVISIONING_PROFILE_SPECIFIER = "";
				SWIFT_ACTIVE_COMPILATION_CONDITIONS = DEBUG;
				SWIFT_OBJC_BRIDGING_HEADER = "Bridge-Header.h";
				SWIFT_OPTIMIZATION_LEVEL = "-Onone";
				SWIFT_VERSION = 5.0;
			};
			name = Debug;
		};
		D5627E8822D3135C00834EF3 /* Release */ = {
			isa = XCBuildConfiguration;
			buildSettings = {
				ALWAYS_SEARCH_USER_PATHS = NO;
				ARCHS = "$(ARCHS_STANDARD)";
				ASSETCATALOG_COMPILER_APPICON_NAME = AppIcon;
				CLANG_ANALYZER_NONNULL = YES;
				CLANG_ANALYZER_NUMBER_OBJECT_CONVERSION = YES_AGGRESSIVE;
				CLANG_CXX_LANGUAGE_STANDARD = "gnu++14";
				CLANG_CXX_LIBRARY = "libc++";
				CLANG_ENABLE_MODULES = YES;
				CLANG_ENABLE_OBJC_ARC = YES;
				CLANG_ENABLE_OBJC_WEAK = YES;
				CLANG_WARN_BLOCK_CAPTURE_AUTORELEASING = YES;
				CLANG_WARN_BOOL_CONVERSION = YES;
				CLANG_WARN_COMMA = YES;
				CLANG_WARN_CONSTANT_CONVERSION = YES;
				CLANG_WARN_DEPRECATED_OBJC_IMPLEMENTATIONS = YES;
				CLANG_WARN_DIRECT_OBJC_ISA_USAGE = YES_ERROR;
				CLANG_WARN_DOCUMENTATION_COMMENTS = YES;
				CLANG_WARN_EMPTY_BODY = YES;
				CLANG_WARN_ENUM_CONVERSION = YES;
				CLANG_WARN_INFINITE_RECURSION = YES;
				CLANG_WARN_INT_CONVERSION = YES;
				CLANG_WARN_NON_LITERAL_NULL_CONVERSION = YES;
				CLANG_WARN_OBJC_IMPLICIT_RETAIN_SELF = YES;
				CLANG_WARN_OBJC_LITERAL_CONVERSION = YES;
				CLANG_WARN_OBJC_ROOT_CLASS = YES_ERROR;
				CLANG_WARN_RANGE_LOOP_ANALYSIS = YES;
				CLANG_WARN_STRICT_PROTOTYPES = YES;
				CLANG_WARN_SUSPICIOUS_MOVE = YES;
				CLANG_WARN_UNGUARDED_AVAILABILITY = YES_AGGRESSIVE;
				CLANG_WARN_UNREACHABLE_CODE = YES;
				CLANG_WARN__DUPLICATE_METHOD_MATCH = YES;
				CODE_SIGN_ENTITLEMENTS = HCal/HCal.entitlements;
				CODE_SIGN_IDENTITY = "Apple Development";
				CODE_SIGN_STYLE = Automatic;
				COMBINE_HIDPI_IMAGES = YES;
				COPY_PHASE_STRIP = NO;
				DEBUG_INFORMATION_FORMAT = "dwarf-with-dsym";
				DEVELOPMENT_ASSET_PATHS = "HCal/Preview\\ Content";
				DEVELOPMENT_TEAM = JLW43DLDF7;
				ENABLE_HARDENED_RUNTIME = YES;
				ENABLE_NS_ASSERTIONS = NO;
				ENABLE_PREVIEWS = YES;
				ENABLE_STRICT_OBJC_MSGSEND = YES;
				GCC_C_LANGUAGE_STANDARD = gnu11;
				GCC_NO_COMMON_BLOCKS = YES;
				GCC_WARN_ABOUT_RETURN_TYPE = YES_ERROR;
				GCC_WARN_UNDECLARED_SELECTOR = YES;
				GCC_WARN_UNINITIALIZED_AUTOS = YES_AGGRESSIVE;
				GCC_WARN_UNUSED_VARIABLE = YES;
				INFOPLIST_FILE = HCal/Info.plist;
				LD_RUNPATH_SEARCH_PATHS = "$(inherited) @executable_path/../Frameworks";
				MACOSX_DEPLOYMENT_TARGET = 10.15;
				MTL_ENABLE_DEBUG_INFO = NO;
				MTL_FAST_MATH = YES;
				PRODUCT_BUNDLE_IDENTIFIER = com.jewcal.app.HCal;
				PRODUCT_NAME = "$(TARGET_NAME)";
				PROVISIONING_PROFILE_SPECIFIER = "";
				SWIFT_OBJC_BRIDGING_HEADER = "Bridge-Header.h";
				SWIFT_OPTIMIZATION_LEVEL = "-Owholemodule";
				SWIFT_VERSION = 5.0;
			};
			name = Release;
		};
/* End XCBuildConfiguration section */

/* Begin XCConfigurationList section */
		C0E91AC508A95435008D54AB /* Build configuration list for PBXNativeTarget "hcal" */ = {
			isa = XCConfigurationList;
			buildConfigurations = (
				C0E91AC608A95435008D54AB /* Debug */,
				C0E91AC708A95435008D54AB /* Release */,
			);
			defaultConfigurationIsVisible = 0;
			defaultConfigurationName = Release;
		};
		C0E91AC908A95435008D54AB /* Build configuration list for PBXProject "hcal" */ = {
			isa = XCConfigurationList;
			buildConfigurations = (
				C0E91ACA08A95435008D54AB /* Debug */,
				C0E91ACB08A95435008D54AB /* Release */,
			);
			defaultConfigurationIsVisible = 0;
			defaultConfigurationName = Release;
		};
		D5627E8622D3135C00834EF3 /* Build configuration list for PBXNativeTarget "HCal" */ = {
			isa = XCConfigurationList;
			buildConfigurations = (
				D5627E8722D3135C00834EF3 /* Debug */,
				D5627E8822D3135C00834EF3 /* Release */,
			);
			defaultConfigurationIsVisible = 0;
			defaultConfigurationName = Release;
		};
/* End XCConfigurationList section */
	};
	rootObject = 20286C28FDCF999611CA2CEA /* Project object */;
}
