// !$*UTF8*$!
{
	archiveVersion = 1;
	classes = {
	};
	objectVersion = 50;
	objects = {

/* Begin PBXBuildFile section */
		D519020E23619D5B006BED27 /* DayViewController.swift in Sources */ = {isa = PBXBuildFile; fileRef = D519020D23619D5B006BED27 /* DayViewController.swift */; };
		D526BDBF2364EC9A007A2467 /* WeekDay.xib in Resources */ = {isa = PBXBuildFile; fileRef = D526BDBE2364EC9A007A2467 /* WeekDay.xib */; };
		D526BDC12364F22F007A2467 /* WeekDayController.swift in Sources */ = {isa = PBXBuildFile; fileRef = D526BDC02364F22F007A2467 /* WeekDayController.swift */; };
		D526BDC9236651C8007A2467 /* HolidayArea.swift in Sources */ = {isa = PBXBuildFile; fileRef = D526BDC3236651C8007A2467 /* HolidayArea.swift */; };
		D526BDCA236651C8007A2467 /* Hcal.swift in Sources */ = {isa = PBXBuildFile; fileRef = D526BDC4236651C8007A2467 /* Hcal.swift */; };
		D526BDCB236651C8007A2467 /* UserDefault.swift in Sources */ = {isa = PBXBuildFile; fileRef = D526BDC5236651C8007A2467 /* UserDefault.swift */; };
		D526BDCC236651C8007A2467 /* SimpleDate.swift in Sources */ = {isa = PBXBuildFile; fileRef = D526BDC6236651C8007A2467 /* SimpleDate.swift */; };
		D526BDCD236651C8007A2467 /* CalendarType.swift in Sources */ = {isa = PBXBuildFile; fileRef = D526BDC7236651C8007A2467 /* CalendarType.swift */; };
		D526BDCE236651C8007A2467 /* GridDateGenerator.swift in Sources */ = {isa = PBXBuildFile; fileRef = D526BDC8236651C8007A2467 /* GridDateGenerator.swift */; };
		D5733CDC2336A2A700C0A75E /* Converter.c in Sources */ = {isa = PBXBuildFile; fileRef = D5733CD72336A2A700C0A75E /* Converter.c */; };
		D5733CDD2336A2A700C0A75E /* Parsha.c in Sources */ = {isa = PBXBuildFile; fileRef = D5733CD82336A2A700C0A75E /* Parsha.c */; };
		D5733CDE2336A2A700C0A75E /* Holiday.c in Sources */ = {isa = PBXBuildFile; fileRef = D5733CDA2336A2A700C0A75E /* Holiday.c */; };
		D5774D22236198CC004E4B4D /* DayItem.xib in Resources */ = {isa = PBXBuildFile; fileRef = D5774D21236198CC004E4B4D /* DayItem.xib */; };
		D5ACC66A236237CD001DFC35 /* CalendarGridLayout.swift in Sources */ = {isa = PBXBuildFile; fileRef = D5ACC669236237CD001DFC35 /* CalendarGridLayout.swift */; };
		D5B91082232F6387002A4A43 /* AppDelegate.swift in Sources */ = {isa = PBXBuildFile; fileRef = D5B91081232F6387002A4A43 /* AppDelegate.swift */; };
		D5B91084232F6387002A4A43 /* CalendarController.swift in Sources */ = {isa = PBXBuildFile; fileRef = D5B91083232F6387002A4A43 /* CalendarController.swift */; };
		D5B91086232F6388002A4A43 /* Assets.xcassets in Resources */ = {isa = PBXBuildFile; fileRef = D5B91085232F6388002A4A43 /* Assets.xcassets */; };
		D5B91089232F6388002A4A43 /* Main.storyboard in Resources */ = {isa = PBXBuildFile; fileRef = D5B91087232F6388002A4A43 /* Main.storyboard */; };
/* End PBXBuildFile section */

/* Begin PBXFileReference section */
		D519020D23619D5B006BED27 /* DayViewController.swift */ = {isa = PBXFileReference; lastKnownFileType = sourcecode.swift; path = DayViewController.swift; sourceTree = "<group>"; };
		D526BDBE2364EC9A007A2467 /* WeekDay.xib */ = {isa = PBXFileReference; lastKnownFileType = file.xib; path = WeekDay.xib; sourceTree = "<group>"; };
		D526BDC02364F22F007A2467 /* WeekDayController.swift */ = {isa = PBXFileReference; lastKnownFileType = sourcecode.swift; path = WeekDayController.swift; sourceTree = "<group>"; };
		D526BDC3236651C8007A2467 /* HolidayArea.swift */ = {isa = PBXFileReference; fileEncoding = 4; lastKnownFileType = sourcecode.swift; path = HolidayArea.swift; sourceTree = "<group>"; };
		D526BDC4236651C8007A2467 /* Hcal.swift */ = {isa = PBXFileReference; fileEncoding = 4; lastKnownFileType = sourcecode.swift; path = Hcal.swift; sourceTree = "<group>"; };
		D526BDC5236651C8007A2467 /* UserDefault.swift */ = {isa = PBXFileReference; fileEncoding = 4; lastKnownFileType = sourcecode.swift; path = UserDefault.swift; sourceTree = "<group>"; };
		D526BDC6236651C8007A2467 /* SimpleDate.swift */ = {isa = PBXFileReference; fileEncoding = 4; lastKnownFileType = sourcecode.swift; path = SimpleDate.swift; sourceTree = "<group>"; };
		D526BDC7236651C8007A2467 /* CalendarType.swift */ = {isa = PBXFileReference; fileEncoding = 4; lastKnownFileType = sourcecode.swift; path = CalendarType.swift; sourceTree = "<group>"; };
		D526BDC8236651C8007A2467 /* GridDateGenerator.swift */ = {isa = PBXFileReference; fileEncoding = 4; lastKnownFileType = sourcecode.swift; path = GridDateGenerator.swift; sourceTree = "<group>"; };
		D5733CD52336A2A600C0A75E /* HCal-Bridging-Header.h */ = {isa = PBXFileReference; lastKnownFileType = sourcecode.c.h; path = "HCal-Bridging-Header.h"; sourceTree = "<group>"; };
		D5733CD62336A2A700C0A75E /* Parsha.h */ = {isa = PBXFileReference; fileEncoding = 4; lastKnownFileType = sourcecode.c.h; path = Parsha.h; sourceTree = "<group>"; };
		D5733CD72336A2A700C0A75E /* Converter.c */ = {isa = PBXFileReference; fileEncoding = 4; lastKnownFileType = sourcecode.c.c; path = Converter.c; sourceTree = "<group>"; };
		D5733CD82336A2A700C0A75E /* Parsha.c */ = {isa = PBXFileReference; fileEncoding = 4; lastKnownFileType = sourcecode.c.c; path = Parsha.c; sourceTree = "<group>"; };
		D5733CD92336A2A700C0A75E /* Converter.h */ = {isa = PBXFileReference; fileEncoding = 4; lastKnownFileType = sourcecode.c.h; path = Converter.h; sourceTree = "<group>"; };
		D5733CDA2336A2A700C0A75E /* Holiday.c */ = {isa = PBXFileReference; fileEncoding = 4; lastKnownFileType = sourcecode.c.c; path = Holiday.c; sourceTree = "<group>"; };
		D5733CDB2336A2A700C0A75E /* Holiday.h */ = {isa = PBXFileReference; fileEncoding = 4; lastKnownFileType = sourcecode.c.h; path = Holiday.h; sourceTree = "<group>"; };
		D5774D21236198CC004E4B4D /* DayItem.xib */ = {isa = PBXFileReference; lastKnownFileType = file.xib; path = DayItem.xib; sourceTree = "<group>"; };
		D5ACC669236237CD001DFC35 /* CalendarGridLayout.swift */ = {isa = PBXFileReference; lastKnownFileType = sourcecode.swift; path = CalendarGridLayout.swift; sourceTree = "<group>"; };
		D5B9107E232F6387002A4A43 /* HCal.app */ = {isa = PBXFileReference; explicitFileType = wrapper.application; includeInIndex = 0; path = HCal.app; sourceTree = BUILT_PRODUCTS_DIR; };
		D5B91081232F6387002A4A43 /* AppDelegate.swift */ = {isa = PBXFileReference; lastKnownFileType = sourcecode.swift; path = AppDelegate.swift; sourceTree = "<group>"; };
		D5B91083232F6387002A4A43 /* CalendarController.swift */ = {isa = PBXFileReference; lastKnownFileType = sourcecode.swift; path = CalendarController.swift; sourceTree = "<group>"; };
		D5B91085232F6388002A4A43 /* Assets.xcassets */ = {isa = PBXFileReference; lastKnownFileType = folder.assetcatalog; path = Assets.xcassets; sourceTree = "<group>"; };
		D5B91088232F6388002A4A43 /* Base */ = {isa = PBXFileReference; lastKnownFileType = file.storyboard; name = Base; path = Base.lproj/Main.storyboard; sourceTree = "<group>"; };
		D5B9108A232F6388002A4A43 /* Info.plist */ = {isa = PBXFileReference; lastKnownFileType = text.plist.xml; path = Info.plist; sourceTree = "<group>"; };
		D5B9108B232F6388002A4A43 /* HCal.entitlements */ = {isa = PBXFileReference; lastKnownFileType = text.plist.entitlements; path = HCal.entitlements; sourceTree = "<group>"; };
/* End PBXFileReference section */

/* Begin PBXFrameworksBuildPhase section */
		D5B9107B232F6387002A4A43 /* Frameworks */ = {
			isa = PBXFrameworksBuildPhase;
			buildActionMask = 2147483647;
			files = (
			);
			runOnlyForDeploymentPostprocessing = 0;
		};
/* End PBXFrameworksBuildPhase section */

/* Begin PBXGroup section */
		D526BDC2236651C8007A2467 /* Model */ = {
			isa = PBXGroup;
			children = (
				D526BDC3236651C8007A2467 /* HolidayArea.swift */,
				D526BDC4236651C8007A2467 /* Hcal.swift */,
				D526BDC5236651C8007A2467 /* UserDefault.swift */,
				D526BDC6236651C8007A2467 /* SimpleDate.swift */,
				D526BDC7236651C8007A2467 /* CalendarType.swift */,
				D526BDC8236651C8007A2467 /* GridDateGenerator.swift */,
			);
			name = Model;
			path = HCal/Model;
			sourceTree = "<group>";
		};
		D5733CCB2336A28C00C0A75E /* C-Engine */ = {
			isa = PBXGroup;
			children = (
				D5733CD92336A2A700C0A75E /* Converter.h */,
				D5733CD72336A2A700C0A75E /* Converter.c */,
				D5733CDB2336A2A700C0A75E /* Holiday.h */,
				D5733CDA2336A2A700C0A75E /* Holiday.c */,
				D5733CD62336A2A700C0A75E /* Parsha.h */,
				D5733CD82336A2A700C0A75E /* Parsha.c */,
				D5733CD52336A2A600C0A75E /* HCal-Bridging-Header.h */,
			);
			name = "C-Engine";
			path = "../C-Engine";
			sourceTree = "<group>";
		};
		D5B91075232F6387002A4A43 = {
			isa = PBXGroup;
			children = (
				D5733CCB2336A28C00C0A75E /* C-Engine */,
				D526BDC2236651C8007A2467 /* Model */,
				D5B91080232F6387002A4A43 /* HCal */,
				D5B9107F232F6387002A4A43 /* Products */,
			);
			sourceTree = "<group>";
		};
		D5B9107F232F6387002A4A43 /* Products */ = {
			isa = PBXGroup;
			children = (
				D5B9107E232F6387002A4A43 /* HCal.app */,
			);
			name = Products;
			sourceTree = "<group>";
		};
		D5B91080232F6387002A4A43 /* HCal */ = {
			isa = PBXGroup;
			children = (
				D5B91081232F6387002A4A43 /* AppDelegate.swift */,
				D5B91083232F6387002A4A43 /* CalendarController.swift */,
				D519020D23619D5B006BED27 /* DayViewController.swift */,
				D526BDC02364F22F007A2467 /* WeekDayController.swift */,
				D5ACC669236237CD001DFC35 /* CalendarGridLayout.swift */,
				D5B91085232F6388002A4A43 /* Assets.xcassets */,
				D5B91087232F6388002A4A43 /* Main.storyboard */,
				D5774D21236198CC004E4B4D /* DayItem.xib */,
				D526BDBE2364EC9A007A2467 /* WeekDay.xib */,
				D5B9108A232F6388002A4A43 /* Info.plist */,
				D5B9108B232F6388002A4A43 /* HCal.entitlements */,
			);
			path = HCal;
			sourceTree = "<group>";
		};
/* End PBXGroup section */

/* Begin PBXNativeTarget section */
		D5B9107D232F6387002A4A43 /* HCal */ = {
			isa = PBXNativeTarget;
			buildConfigurationList = D5B9108E232F6388002A4A43 /* Build configuration list for PBXNativeTarget "HCal" */;
			buildPhases = (
				D5B9107A232F6387002A4A43 /* Sources */,
				D5B9107B232F6387002A4A43 /* Frameworks */,
				D5B9107C232F6387002A4A43 /* Resources */,
			);
			buildRules = (
			);
			dependencies = (
			);
			name = HCal;
			productName = HCal;
			productReference = D5B9107E232F6387002A4A43 /* HCal.app */;
			productType = "com.apple.product-type.application";
		};
/* End PBXNativeTarget section */

/* Begin PBXProject section */
		D5B91076232F6387002A4A43 /* Project object */ = {
			isa = PBXProject;
			attributes = {
				LastSwiftUpdateCheck = 1100;
				LastUpgradeCheck = 1100;
				ORGANIZATIONNAME = "Gerard Iglesias";
				TargetAttributes = {
					D5B9107D232F6387002A4A43 = {
						CreatedOnToolsVersion = 11.0;
						LastSwiftMigration = 1100;
					};
				};
			};
			buildConfigurationList = D5B91079232F6387002A4A43 /* Build configuration list for PBXProject "HCal" */;
			compatibilityVersion = "Xcode 9.3";
			developmentRegion = en;
			hasScannedForEncodings = 0;
			knownRegions = (
				en,
				Base,
			);
			mainGroup = D5B91075232F6387002A4A43;
			productRefGroup = D5B9107F232F6387002A4A43 /* Products */;
			projectDirPath = "";
			projectRoot = "";
			targets = (
				D5B9107D232F6387002A4A43 /* HCal */,
			);
		};
/* End PBXProject section */

/* Begin PBXResourcesBuildPhase section */
		D5B9107C232F6387002A4A43 /* Resources */ = {
			isa = PBXResourcesBuildPhase;
			buildActionMask = 2147483647;
			files = (
				D5B91086232F6388002A4A43 /* Assets.xcassets in Resources */,
				D5B91089232F6388002A4A43 /* Main.storyboard in Resources */,
				D526BDBF2364EC9A007A2467 /* WeekDay.xib in Resources */,
				D5774D22236198CC004E4B4D /* DayItem.xib in Resources */,
			);
			runOnlyForDeploymentPostprocessing = 0;
		};
/* End PBXResourcesBuildPhase section */

/* Begin PBXSourcesBuildPhase section */
		D5B9107A232F6387002A4A43 /* Sources */ = {
			isa = PBXSourcesBuildPhase;
			buildActionMask = 2147483647;
			files = (
				D526BDC12364F22F007A2467 /* WeekDayController.swift in Sources */,
				D5733CDD2336A2A700C0A75E /* Parsha.c in Sources */,
				D5733CDC2336A2A700C0A75E /* Converter.c in Sources */,
				D526BDCE236651C8007A2467 /* GridDateGenerator.swift in Sources */,
				D526BDCB236651C8007A2467 /* UserDefault.swift in Sources */,
				D526BDCD236651C8007A2467 /* CalendarType.swift in Sources */,
				D526BDC9236651C8007A2467 /* HolidayArea.swift in Sources */,
				D5733CDE2336A2A700C0A75E /* Holiday.c in Sources */,
				D5B91084232F6387002A4A43 /* CalendarController.swift in Sources */,
				D526BDCC236651C8007A2467 /* SimpleDate.swift in Sources */,
				D5B91082232F6387002A4A43 /* AppDelegate.swift in Sources */,
				D519020E23619D5B006BED27 /* DayViewController.swift in Sources */,
				D5ACC66A236237CD001DFC35 /* CalendarGridLayout.swift in Sources */,
				D526BDCA236651C8007A2467 /* Hcal.swift in Sources */,
			);
			runOnlyForDeploymentPostprocessing = 0;
		};
/* End PBXSourcesBuildPhase section */

/* Begin PBXVariantGroup section */
		D5B91087232F6388002A4A43 /* Main.storyboard */ = {
			isa = PBXVariantGroup;
			children = (
				D5B91088232F6388002A4A43 /* Base */,
			);
			name = Main.storyboard;
			sourceTree = "<group>";
		};
/* End PBXVariantGroup section */

/* Begin XCBuildConfiguration section */
		D5B9108C232F6388002A4A43 /* Debug */ = {
			isa = XCBuildConfiguration;
			buildSettings = {
				ALWAYS_SEARCH_USER_PATHS = NO;
				CLANG_ANALYZER_NONNULL = YES;
				CLANG_ANALYZER_NUMBER_OBJECT_CONVERSION = YES_AGGRESSIVE;
				CLANG_CXX_LANGUAGE_STANDARD = "gnu++14";
				CLANG_CXX_LIBRARY = "libc++";
				CLANG_ENABLE_MODULES = YES;
				CLANG_ENABLE_OBJC_ARC = YES;
				CLANG_ENABLE_OBJC_WEAK = YES;
				CLANG_WARN_BLOCK_CAPTURE_AUTORELEASING = YES;
				CLANG_WARN_BOOL_CONVERSION = YES;
				CLANG_WARN_COMMA = YES;
				CLANG_WARN_CONSTANT_CONVERSION = YES;
				CLANG_WARN_DEPRECATED_OBJC_IMPLEMENTATIONS = YES;
				CLANG_WARN_DIRECT_OBJC_ISA_USAGE = YES_ERROR;
				CLANG_WARN_DOCUMENTATION_COMMENTS = YES;
				CLANG_WARN_EMPTY_BODY = YES;
				CLANG_WARN_ENUM_CONVERSION = YES;
				CLANG_WARN_INFINITE_RECURSION = YES;
				CLANG_WARN_INT_CONVERSION = YES;
				CLANG_WARN_NON_LITERAL_NULL_CONVERSION = YES;
				CLANG_WARN_OBJC_IMPLICIT_RETAIN_SELF = YES;
				CLANG_WARN_OBJC_LITERAL_CONVERSION = YES;
				CLANG_WARN_OBJC_ROOT_CLASS = YES_ERROR;
				CLANG_WARN_RANGE_LOOP_ANALYSIS = YES;
				CLANG_WARN_STRICT_PROTOTYPES = YES;
				CLANG_WARN_SUSPICIOUS_MOVE = YES;
				CLANG_WARN_UNGUARDED_AVAILABILITY = YES_AGGRESSIVE;
				CLANG_WARN_UNREACHABLE_CODE = YES;
				CLANG_WARN__DUPLICATE_METHOD_MATCH = YES;
				COPY_PHASE_STRIP = NO;
				DEBUG_INFORMATION_FORMAT = dwarf;
				ENABLE_STRICT_OBJC_MSGSEND = YES;
				ENABLE_TESTABILITY = YES;
				GCC_C_LANGUAGE_STANDARD = gnu11;
				GCC_DYNAMIC_NO_PIC = NO;
				GCC_NO_COMMON_BLOCKS = YES;
				GCC_OPTIMIZATION_LEVEL = 0;
				GCC_PREPROCESSOR_DEFINITIONS = (
					"DEBUG=1",
					"$(inherited)",
				);
				GCC_WARN_64_TO_32_BIT_CONVERSION = YES;
				GCC_WARN_ABOUT_RETURN_TYPE = YES_ERROR;
				GCC_WARN_UNDECLARED_SELECTOR = YES;
				GCC_WARN_UNINITIALIZED_AUTOS = YES_AGGRESSIVE;
				GCC_WARN_UNUSED_FUNCTION = YES;
				GCC_WARN_UNUSED_VARIABLE = YES;
				MACOSX_DEPLOYMENT_TARGET = 10.15;
				MTL_ENABLE_DEBUG_INFO = INCLUDE_SOURCE;
				MTL_FAST_MATH = YES;
				ONLY_ACTIVE_ARCH = YES;
				SDKROOT = macosx;
				SWIFT_ACTIVE_COMPILATION_CONDITIONS = DEBUG;
				SWIFT_OPTIMIZATION_LEVEL = "-Onone";
			};
			name = Debug;
		};
		D5B9108D232F6388002A4A43 /* Release */ = {
			isa = XCBuildConfiguration;
			buildSettings = {
				ALWAYS_SEARCH_USER_PATHS = NO;
				CLANG_ANALYZER_NONNULL = YES;
				CLANG_ANALYZER_NUMBER_OBJECT_CONVERSION = YES_AGGRESSIVE;
				CLANG_CXX_LANGUAGE_STANDARD = "gnu++14";
				CLANG_CXX_LIBRARY = "libc++";
				CLANG_ENABLE_MODULES = YES;
				CLANG_ENABLE_OBJC_ARC = YES;
				CLANG_ENABLE_OBJC_WEAK = YES;
				CLANG_WARN_BLOCK_CAPTURE_AUTORELEASING = YES;
				CLANG_WARN_BOOL_CONVERSION = YES;
				CLANG_WARN_COMMA = YES;
				CLANG_WARN_CONSTANT_CONVERSION = YES;
				CLANG_WARN_DEPRECATED_OBJC_IMPLEMENTATIONS = YES;
				CLANG_WARN_DIRECT_OBJC_ISA_USAGE = YES_ERROR;
				CLANG_WARN_DOCUMENTATION_COMMENTS = YES;
				CLANG_WARN_EMPTY_BODY = YES;
				CLANG_WARN_ENUM_CONVERSION = YES;
				CLANG_WARN_INFINITE_RECURSION = YES;
				CLANG_WARN_INT_CONVERSION = YES;
				CLANG_WARN_NON_LITERAL_NULL_CONVERSION = YES;
				CLANG_WARN_OBJC_IMPLICIT_RETAIN_SELF = YES;
				CLANG_WARN_OBJC_LITERAL_CONVERSION = YES;
				CLANG_WARN_OBJC_ROOT_CLASS = YES_ERROR;
				CLANG_WARN_RANGE_LOOP_ANALYSIS = YES;
				CLANG_WARN_STRICT_PROTOTYPES = YES;
				CLANG_WARN_SUSPICIOUS_MOVE = YES;
				CLANG_WARN_UNGUARDED_AVAILABILITY = YES_AGGRESSIVE;
				CLANG_WARN_UNREACHABLE_CODE = YES;
				CLANG_WARN__DUPLICATE_METHOD_MATCH = YES;
				COPY_PHASE_STRIP = NO;
				DEBUG_INFORMATION_FORMAT = "dwarf-with-dsym";
				ENABLE_NS_ASSERTIONS = NO;
				ENABLE_STRICT_OBJC_MSGSEND = YES;
				GCC_C_LANGUAGE_STANDARD = gnu11;
				GCC_NO_COMMON_BLOCKS = YES;
				GCC_WARN_64_TO_32_BIT_CONVERSION = YES;
				GCC_WARN_ABOUT_RETURN_TYPE = YES_ERROR;
				GCC_WARN_UNDECLARED_SELECTOR = YES;
				GCC_WARN_UNINITIALIZED_AUTOS = YES_AGGRESSIVE;
				GCC_WARN_UNUSED_FUNCTION = YES;
				GCC_WARN_UNUSED_VARIABLE = YES;
				MACOSX_DEPLOYMENT_TARGET = 10.15;
				MTL_ENABLE_DEBUG_INFO = NO;
				MTL_FAST_MATH = YES;
				SDKROOT = macosx;
				SWIFT_COMPILATION_MODE = wholemodule;
				SWIFT_OPTIMIZATION_LEVEL = "-O";
			};
			name = Release;
		};
		D5B9108F232F6388002A4A43 /* Debug */ = {
			isa = XCBuildConfiguration;
			buildSettings = {
				ASSETCATALOG_COMPILER_APPICON_NAME = AppIcon;
				CLANG_ENABLE_MODULES = YES;
				CODE_SIGN_ENTITLEMENTS = HCal/HCal.entitlements;
				CODE_SIGN_STYLE = Automatic;
				COMBINE_HIDPI_IMAGES = YES;
				DEVELOPMENT_TEAM = JLW43DLDF7;
				ENABLE_HARDENED_RUNTIME = YES;
				INFOPLIST_FILE = HCal/Info.plist;
				LD_RUNPATH_SEARCH_PATHS = (
					"$(inherited)",
					"@executable_path/../Frameworks",
				);
				PRODUCT_BUNDLE_IDENTIFIER = "com.visual-science.HCal";
				PRODUCT_NAME = "$(TARGET_NAME)";
				SWIFT_OBJC_BRIDGING_HEADER = "../C-Engine/HCal-Bridging-Header.h";
				SWIFT_OPTIMIZATION_LEVEL = "-Onone";
				SWIFT_VERSION = 5.0;
			};
			name = Debug;
		};
		D5B91090232F6388002A4A43 /* Release */ = {
			isa = XCBuildConfiguration;
			buildSettings = {
				ASSETCATALOG_COMPILER_APPICON_NAME = AppIcon;
				CLANG_ENABLE_MODULES = YES;
				CODE_SIGN_ENTITLEMENTS = HCal/HCal.entitlements;
				CODE_SIGN_STYLE = Automatic;
				COMBINE_HIDPI_IMAGES = YES;
				DEVELOPMENT_TEAM = JLW43DLDF7;
				ENABLE_HARDENED_RUNTIME = YES;
				INFOPLIST_FILE = HCal/Info.plist;
				LD_RUNPATH_SEARCH_PATHS = (
					"$(inherited)",
					"@executable_path/../Frameworks",
				);
				PRODUCT_BUNDLE_IDENTIFIER = "com.visual-science.HCal";
				PRODUCT_NAME = "$(TARGET_NAME)";
				SWIFT_OBJC_BRIDGING_HEADER = "../C-Engine/HCal-Bridging-Header.h";
				SWIFT_VERSION = 5.0;
			};
			name = Release;
		};
/* End XCBuildConfiguration section */

/* Begin XCConfigurationList section */
		D5B91079232F6387002A4A43 /* Build configuration list for PBXProject "HCal" */ = {
			isa = XCConfigurationList;
			buildConfigurations = (
				D5B9108C232F6388002A4A43 /* Debug */,
				D5B9108D232F6388002A4A43 /* Release */,
			);
			defaultConfigurationIsVisible = 0;
			defaultConfigurationName = Release;
		};
		D5B9108E232F6388002A4A43 /* Build configuration list for PBXNativeTarget "HCal" */ = {
			isa = XCConfigurationList;
			buildConfigurations = (
				D5B9108F232F6388002A4A43 /* Debug */,
				D5B91090232F6388002A4A43 /* Release */,
			);
			defaultConfigurationIsVisible = 0;
			defaultConfigurationName = Release;
		};
/* End XCConfigurationList section */
	};
	rootObject = D5B91076232F6387002A4A43 /* Project object */;
}
